
Microsoft Visual Studio Solution File, Format Version 12.00
# Visual Studio Version 17
VisualStudioVersion = 17.6.33723.286
MinimumVisualStudioVersion = 10.0.40219.1
Project("{9A19103F-16F7-4668-BE54-9A1E7A4F7556}") = "HelloWorldServer", "HelloWorldServer\HelloWorldServer.csproj", "{27E18303-5EA1-4D4D-8032-D892A5C1C3C8}"
EndProject
Project("{9A19103F-16F7-4668-BE54-9A1E7A4F7556}") = "HelloWorldInterfaces", "HelloWorldInterfaces\HelloWorldInterfaces.csproj", "{6330218E-07F2-4048-A02F-F640CB9208AE}"
EndProject
Project("{9A19103F-16F7-4668-BE54-9A1E7A4F7556}") = "HelloWorldClient", "HelloWorldClient\HelloWorldClient.csproj", "{CC3159C7-ECCD-4A35-85B1-DCB70008A964}"
EndProject
Project("{2150E333-8FDC-42A3-9474-1A3956D46DE8}") = "Solution Items", "Solution Items", "{F13B28A4-2719-4F65-8E46-D1B067BEDFC3}"
	ProjectSection(SolutionItems) = preProject
		Directory.Packages.props = Directory.Packages.props
		README.md = README.md
	EndProjectSection
EndProject
Project("{FAE04EC0-301F-11D3-BF4B-00C04F79EFBC}") = "UnitTest", "UnitTest\UnitTest.csproj", "{5DD28366-033D-41D2-9CD5-BC9632764C50}"
EndProject
Global
	GlobalSection(SolutionConfigurationPlatforms) = preSolution
		Debug|Any CPU = Debug|Any CPU
		Release|Any CPU = Release|Any CPU
	EndGlobalSection
	GlobalSection(ProjectConfigurationPlatforms) = postSolution
		{27E18303-5EA1-4D4D-8032-D892A5C1C3C8}.Debug|Any CPU.ActiveCfg = Debug|Any CPU
		{27E18303-5EA1-4D4D-8032-D892A5C1C3C8}.Debug|Any CPU.Build.0 = Debug|Any CPU
		{27E18303-5EA1-4D4D-8032-D892A5C1C3C8}.Release|Any CPU.ActiveCfg = Release|Any CPU
		{27E18303-5EA1-4D4D-8032-D892A5C1C3C8}.Release|Any CPU.Build.0 = Release|Any CPU
		{6330218E-07F2-4048-A02F-F640CB9208AE}.Debug|Any CPU.ActiveCfg = Debug|Any CPU
		{6330218E-07F2-4048-A02F-F640CB9208AE}.Debug|Any CPU.Build.0 = Debug|Any CPU
		{6330218E-07F2-4048-A02F-F640CB9208AE}.Release|Any CPU.ActiveCfg = Release|Any CPU
		{6330218E-07F2-4048-A02F-F640CB9208AE}.Release|Any CPU.Build.0 = Release|Any CPU
		{CC3159C7-ECCD-4A35-85B1-DCB70008A964}.Debug|Any CPU.ActiveCfg = Debug|Any CPU
		{CC3159C7-ECCD-4A35-85B1-DCB70008A964}.Debug|Any CPU.Build.0 = Debug|Any CPU
		{CC3159C7-ECCD-4A35-85B1-DCB70008A964}.Release|Any CPU.ActiveCfg = Release|Any CPU
		{CC3159C7-ECCD-4A35-85B1-DCB70008A964}.Release|Any CPU.Build.0 = Release|Any CPU
		{5DD28366-033D-41D2-9CD5-BC9632764C50}.Debug|Any CPU.ActiveCfg = Debug|Any CPU
		{5DD28366-033D-41D2-9CD5-BC9632764C50}.Debug|Any CPU.Build.0 = Debug|Any CPU
		{5DD28366-033D-41D2-9CD5-BC9632764C50}.Release|Any CPU.ActiveCfg = Release|Any CPU
		{5DD28366-033D-41D2-9CD5-BC9632764C50}.Release|Any CPU.Build.0 = Release|Any CPU
	EndGlobalSection
	GlobalSection(SolutionProperties) = preSolution
		HideSolutionNode = FALSE
	EndGlobalSection
	GlobalSection(ExtensibilityGlobals) = postSolution
		SolutionGuid = {09547C40-5759-4C5F-97E7-7FBE5A328E30}
	EndGlobalSection
EndGlobal
